
Microsoft Visual Studio Solution File, Format Version 12.00
# Visual Studio 15
Project("{FAE04EC0-301F-11D3-BF4B-00C04F79EFBC}") = "Main", "Main\Main.csproj", "{48537A3E-00C5-40C9-B9C1-B739CCC464DB}"
EndProject
Global
	GlobalSection(SolutionConfigurationPlatforms) = preSolution
		Debug|Any CPU = Debug|Any CPU
		Release|Any CPU = Release|Any CPU
	EndGlobalSection
	GlobalSection(ProjectConfigurationPlatforms) = postSolution
		{48537A3E-00C5-40C9-B9C1-B739CCC464DB}.Debug|Any CPU.ActiveCfg = Debug|Any CPU
		{48537A3E-00C5-40C9-B9C1-B739CCC464DB}.Debug|Any CPU.Build.0 = Debug|Any CPU
		{48537A3E-00C5-40C9-B9C1-B739CCC464DB}.Release|Any CPU.ActiveCfg = Release|Any CPU
		{48537A3E-00C5-40C9-B9C1-B739CCC464DB}.Release|Any CPU.Build.0 = Release|Any CPU
	EndGlobalSection
EndGlobal
